
Microsoft Visual Studio Solution File, Format Version 12.00
# Visual Studio Version 17
VisualStudioVersion = 17.6.33723.286
MinimumVisualStudioVersion = 10.0.40219.1
Project("{FAE04EC0-301F-11D3-BF4B-00C04F79EFBC}") = "tutorial.api", "tutorial.api\tutorial.api.csproj", "{0674AFFE-3D74-431D-8BDD-D72183102A95}"
EndProject
Global
	GlobalSection(SolutionConfigurationPlatforms) = preSolution
		Debug|Any CPU = Debug|Any CPU
		Release|Any CPU = Release|Any CPU
	EndGlobalSection
	GlobalSection(ProjectConfigurationPlatforms) = postSolution
		{0674AFFE-3D74-431D-8BDD-D72183102A95}.Debug|Any CPU.ActiveCfg = Debug|Any CPU
		{0674AFFE-3D74-431D-8BDD-D72183102A95}.Debug|Any CPU.Build.0 = Debug|Any CPU
		{0674AFFE-3D74-431D-8BDD-D72183102A95}.Release|Any CPU.ActiveCfg = Release|Any CPU
		{0674AFFE-3D74-431D-8BDD-D72183102A95}.Release|Any CPU.Build.0 = Release|Any CPU
	EndGlobalSection
	GlobalSection(SolutionProperties) = preSolution
		HideSolutionNode = FALSE
	EndGlobalSection
	GlobalSection(ExtensibilityGlobals) = postSolution
		SolutionGuid = {3884F06D-7FB1-40A3-B3C7-10543A5A0B3F}
	EndGlobalSection
EndGlobal
